
Microsoft Visual Studio Solution File, Format Version 12.00
# Visual Studio 15
VisualStudioVersion = 15.0.28307.779
MinimumVisualStudioVersion = 10.0.40219.1
Project("{FAE04EC0-301F-11D3-BF4B-00C04F79EFBC}") = "smdq", "smdq\smdq.csproj", "{BF01B5FB-F7DF-4E61-9A66-5C31E94A74ED}"
EndProject
Global
	GlobalSection(SolutionConfigurationPlatforms) = preSolution
		Debug|Any CPU = Debug|Any CPU
		Release|Any CPU = Release|Any CPU
	EndGlobalSection
	GlobalSection(ProjectConfigurationPlatforms) = postSolution
		{BF01B5FB-F7DF-4E61-9A66-5C31E94A74ED}.Debug|Any CPU.ActiveCfg = Debug|Any CPU
		{BF01B5FB-F7DF-4E61-9A66-5C31E94A74ED}.Debug|Any CPU.Build.0 = Debug|Any CPU
		{BF01B5FB-F7DF-4E61-9A66-5C31E94A74ED}.Release|Any CPU.ActiveCfg = Release|Any CPU
		{BF01B5FB-F7DF-4E61-9A66-5C31E94A74ED}.Release|Any CPU.Build.0 = Release|Any CPU
	EndGlobalSection
	GlobalSection(SolutionProperties) = preSolution
		HideSolutionNode = FALSE
	EndGlobalSection
	GlobalSection(ExtensibilityGlobals) = postSolution
		SolutionGuid = {17E4563F-DEB4-457E-8F07-E8BE84896E21}
	EndGlobalSection
EndGlobal
